
Microsoft Visual Studio Solution File, Format Version 12.00
# Visual Studio Version 17
VisualStudioVersion = 17.3.32825.248
MinimumVisualStudioVersion = 10.0.40219.1
Project("{FAE04EC0-301F-11D3-BF4B-00C04F79EFBC}") = "A02 WPF Not Notepad", "A02 WPF Not Notepad.csproj", "{FE974DEA-498C-4EB2-A217-C362ECBCBFE1}"
EndProject
Global
	GlobalSection(SolutionConfigurationPlatforms) = preSolution
		Debug|Any CPU = Debug|Any CPU
		Release|Any CPU = Release|Any CPU
	EndGlobalSection
	GlobalSection(ProjectConfigurationPlatforms) = postSolution
		{FE974DEA-498C-4EB2-A217-C362ECBCBFE1}.Debug|Any CPU.ActiveCfg = Debug|Any CPU
		{FE974DEA-498C-4EB2-A217-C362ECBCBFE1}.Debug|Any CPU.Build.0 = Debug|Any CPU
		{FE974DEA-498C-4EB2-A217-C362ECBCBFE1}.Release|Any CPU.ActiveCfg = Release|Any CPU
		{FE974DEA-498C-4EB2-A217-C362ECBCBFE1}.Release|Any CPU.Build.0 = Release|Any CPU
	EndGlobalSection
	GlobalSection(SolutionProperties) = preSolution
		HideSolutionNode = FALSE
	EndGlobalSection
	GlobalSection(ExtensibilityGlobals) = postSolution
		SolutionGuid = {3E65645F-ADE3-47B2-9DA3-9A9EF6FDEE72}
	EndGlobalSection
EndGlobal
